
Microsoft Visual Studio Solution File, Format Version 12.00
Project("{2150E333-8FDC-42A3-9474-1A3956D46DE8}") = "src", "src", "{408DDAF1-D10C-415E-8C18-A9FDA59B7914}"
EndProject
Project("{FAE04EC0-301F-11D3-BF4B-00C04F79EFBC}") = "Web", "src\Web\Web.csproj", "{F0B22306-E5BD-456C-8E42-FBD76D198B2D}"
EndProject
Project("{FAE04EC0-301F-11D3-BF4B-00C04F79EFBC}") = "Core", "src\Core\Core.csproj", "{1EB49AD7-D1EC-49FF-8C21-96E318BCB49D}"
EndProject
Project("{FAE04EC0-301F-11D3-BF4B-00C04F79EFBC}") = "Infrastructure", "src\Infrastructure\Infrastructure.csproj", "{454B15C1-01B8-4582-9405-C75E683E2A2D}"
EndProject
Project("{FAE04EC0-301F-11D3-BF4B-00C04F79EFBC}") = "Services", "src\Services\Services.csproj", "{B192266E-E62D-4BAE-8718-0D252A8620A7}"
EndProject
Global
	GlobalSection(SolutionConfigurationPlatforms) = preSolution
		Debug|Any CPU = Debug|Any CPU
		Release|Any CPU = Release|Any CPU
	EndGlobalSection
	GlobalSection(ProjectConfigurationPlatforms) = postSolution
		{F0B22306-E5BD-456C-8E42-FBD76D198B2D}.Debug|Any CPU.ActiveCfg = Debug|Any CPU
		{F0B22306-E5BD-456C-8E42-FBD76D198B2D}.Debug|Any CPU.Build.0 = Debug|Any CPU
		{F0B22306-E5BD-456C-8E42-FBD76D198B2D}.Release|Any CPU.ActiveCfg = Release|Any CPU
		{F0B22306-E5BD-456C-8E42-FBD76D198B2D}.Release|Any CPU.Build.0 = Release|Any CPU
		{1EB49AD7-D1EC-49FF-8C21-96E318BCB49D}.Debug|Any CPU.ActiveCfg = Debug|Any CPU
		{1EB49AD7-D1EC-49FF-8C21-96E318BCB49D}.Debug|Any CPU.Build.0 = Debug|Any CPU
		{1EB49AD7-D1EC-49FF-8C21-96E318BCB49D}.Release|Any CPU.ActiveCfg = Release|Any CPU
		{1EB49AD7-D1EC-49FF-8C21-96E318BCB49D}.Release|Any CPU.Build.0 = Release|Any CPU
		{454B15C1-01B8-4582-9405-C75E683E2A2D}.Debug|Any CPU.ActiveCfg = Debug|Any CPU
		{454B15C1-01B8-4582-9405-C75E683E2A2D}.Debug|Any CPU.Build.0 = Debug|Any CPU
		{454B15C1-01B8-4582-9405-C75E683E2A2D}.Release|Any CPU.ActiveCfg = Release|Any CPU
		{454B15C1-01B8-4582-9405-C75E683E2A2D}.Release|Any CPU.Build.0 = Release|Any CPU
		{B192266E-E62D-4BAE-8718-0D252A8620A7}.Debug|Any CPU.ActiveCfg = Debug|Any CPU
		{B192266E-E62D-4BAE-8718-0D252A8620A7}.Debug|Any CPU.Build.0 = Debug|Any CPU
		{B192266E-E62D-4BAE-8718-0D252A8620A7}.Release|Any CPU.ActiveCfg = Release|Any CPU
		{B192266E-E62D-4BAE-8718-0D252A8620A7}.Release|Any CPU.Build.0 = Release|Any CPU
	EndGlobalSection
	GlobalSection(NestedProjects) = preSolution
		{F0B22306-E5BD-456C-8E42-FBD76D198B2D} = {408DDAF1-D10C-415E-8C18-A9FDA59B7914}
		{1EB49AD7-D1EC-49FF-8C21-96E318BCB49D} = {408DDAF1-D10C-415E-8C18-A9FDA59B7914}
		{454B15C1-01B8-4582-9405-C75E683E2A2D} = {408DDAF1-D10C-415E-8C18-A9FDA59B7914}
		{B192266E-E62D-4BAE-8718-0D252A8620A7} = {408DDAF1-D10C-415E-8C18-A9FDA59B7914}
	EndGlobalSection
EndGlobal
